Microsoft Visual Studio Solution File, Format Version 12.00
# Visual Studio Version 16
VisualStudioVersion = 16.0.29827.131
MinimumVisualStudioVersion = 10.0.40219.1
Project("{FAE04EC0-301F-11D3-BF4B-00C04F79EFBC}") = "TaskList.iOS", "iOS\TaskList.iOS.csproj", "{7C403A35-1A62-47A7-905A-037D27A373CB}"
EndProject
Project("{FAE04EC0-301F-11D3-BF4B-00C04F79EFBC}") = "TaskList.Droid", "Droid\TaskList.Droid.csproj", "{729C1E5A-D485-44AC-A4E9-A7C5554B0139}"
EndProject
Project("{9A19103F-16F7-4668-BE54-9A1E7A4F7556}") = "TaskList.Core", "TaskList.Core\TaskList.Core.csproj", "{95C69154-71DF-44C0-82A0-6BEC2A1AF47E}"
EndProject
Global
	GlobalSection(SolutionConfigurationPlatforms) = preSolution
		Debug|Any CPU = Debug|Any CPU
		Debug|iPhone = Debug|iPhone
		Debug|iPhoneSimulator = Debug|iPhoneSimulator
		Release|Any CPU = Release|Any CPU
		Release|iPhone = Release|iPhone
		Release|iPhoneSimulator = Release|iPhoneSimulator
	EndGlobalSection
	GlobalSection(ProjectConfigurationPlatforms) = postSolution
		{7C403A35-1A62-47A7-905A-037D27A373CB}.Debug|Any CPU.ActiveCfg = Debug|iPhoneSimulator
		{7C403A35-1A62-47A7-905A-037D27A373CB}.Debug|Any CPU.Build.0 = Debug|iPhoneSimulator
		{7C403A35-1A62-47A7-905A-037D27A373CB}.Debug|iPhone.ActiveCfg = Debug|iPhone
		{7C403A35-1A62-47A7-905A-037D27A373CB}.Debug|iPhone.Build.0 = Debug|iPhone
		{7C403A35-1A62-47A7-905A-037D27A373CB}.Debug|iPhoneSimulator.ActiveCfg = Debug|iPhoneSimulator
		{7C403A35-1A62-47A7-905A-037D27A373CB}.Debug|iPhoneSimulator.Build.0 = Debug|iPhoneSimulator
		{7C403A35-1A62-47A7-905A-037D27A373CB}.Release|Any CPU.ActiveCfg = Release|iPhone
		{7C403A35-1A62-47A7-905A-037D27A373CB}.Release|Any CPU.Build.0 = Release|iPhone
		{7C403A35-1A62-47A7-905A-037D27A373CB}.Release|iPhone.ActiveCfg = Release|iPhone
		{7C403A35-1A62-47A7-905A-037D27A373CB}.Release|iPhone.Build.0 = Release|iPhone
		{7C403A35-1A62-47A7-905A-037D27A373CB}.Release|iPhoneSimulator.ActiveCfg = Release|iPhoneSimulator
		{7C403A35-1A62-47A7-905A-037D27A373CB}.Release|iPhoneSimulator.Build.0 = Release|iPhoneSimulator
		{729C1E5A-D485-44AC-A4E9-A7C5554B0139}.Debug|Any CPU.ActiveCfg = Debug|Any CPU
		{729C1E5A-D485-44AC-A4E9-A7C5554B0139}.Debug|Any CPU.Build.0 = Debug|Any CPU
		{729C1E5A-D485-44AC-A4E9-A7C5554B0139}.Debug|Any CPU.Deploy.0 = Debug|Any CPU
		{729C1E5A-D485-44AC-A4E9-A7C5554B0139}.Debug|iPhone.ActiveCfg = Debug|Any CPU
		{729C1E5A-D485-44AC-A4E9-A7C5554B0139}.Debug|iPhone.Build.0 = Debug|Any CPU
		{729C1E5A-D485-44AC-A4E9-A7C5554B0139}.Debug|iPhoneSimulator.ActiveCfg = Debug|Any CPU
		{729C1E5A-D485-44AC-A4E9-A7C5554B0139}.Debug|iPhoneSimulator.Build.0 = Debug|Any CPU
		{729C1E5A-D485-44AC-A4E9-A7C5554B0139}.Release|Any CPU.ActiveCfg = Release|Any CPU
		{729C1E5A-D485-44AC-A4E9-A7C5554B0139}.Release|Any CPU.Build.0 = Release|Any CPU
		{729C1E5A-D485-44AC-A4E9-A7C5554B0139}.Release|iPhone.ActiveCfg = Release|Any CPU
		{729C1E5A-D485-44AC-A4E9-A7C5554B0139}.Release|iPhone.Build.0 = Release|Any CPU
		{729C1E5A-D485-44AC-A4E9-A7C5554B0139}.Release|iPhoneSimulator.ActiveCfg = Release|Any CPU
		{729C1E5A-D485-44AC-A4E9-A7C5554B0139}.Release|iPhoneSimulator.Build.0 = Release|Any CPU
		{95C69154-71DF-44C0-82A0-6BEC2A1AF47E}.Debug|Any CPU.ActiveCfg = Debug|Any CPU
		{95C69154-71DF-44C0-82A0-6BEC2A1AF47E}.Debug|Any CPU.Build.0 = Debug|Any CPU
		{95C69154-71DF-44C0-82A0-6BEC2A1AF47E}.Debug|iPhone.ActiveCfg = Debug|Any CPU
		{95C69154-71DF-44C0-82A0-6BEC2A1AF47E}.Debug|iPhone.Build.0 = Debug|Any CPU
		{95C69154-71DF-44C0-82A0-6BEC2A1AF47E}.Debug|iPhoneSimulator.ActiveCfg = Debug|Any CPU
		{95C69154-71DF-44C0-82A0-6BEC2A1AF47E}.Debug|iPhoneSimulator.Build.0 = Debug|Any CPU
		{95C69154-71DF-44C0-82A0-6BEC2A1AF47E}.Release|Any CPU.ActiveCfg = Release|Any CPU
		{95C69154-71DF-44C0-82A0-6BEC2A1AF47E}.Release|Any CPU.Build.0 = Release|Any CPU
		{95C69154-71DF-44C0-82A0-6BEC2A1AF47E}.Release|iPhone.ActiveCfg = Release|Any CPU
		{95C69154-71DF-44C0-82A0-6BEC2A1AF47E}.Release|iPhone.Build.0 = Release|Any CPU
		{95C69154-71DF-44C0-82A0-6BEC2A1AF47E}.Release|iPhoneSimulator.ActiveCfg = Release|Any CPU
		{95C69154-71DF-44C0-82A0-6BEC2A1AF47E}.Release|iPhoneSimulator.Build.0 = Release|Any CPU
	EndGlobalSection
	GlobalSection(SolutionProperties) = preSolution
		HideSolutionNode = FALSE
	EndGlobalSection
	GlobalSection(ExtensibilityGlobals) = postSolution
		SolutionGuid = {1D5C146C-C42E-4F09-8EAB-4C0E5FE6DA76}
	EndGlobalSection
EndGlobal
